
Microsoft Visual Studio Solution File, Format Version 12.00
# Visual Studio Version 16
VisualStudioVersion = 16.0.29020.237
MinimumVisualStudioVersion = 10.0.40219.1
Project("{9A19103F-16F7-4668-BE54-9A1E7A4F7556}") = "Microwalk", "Microwalk\Microwalk.csproj", "{696C1699-FD59-4903-8BF7-80B366C44154}"
EndProject
Project("{8BC9CEB8-8B4A-11D0-8D11-00A0C91BC942}") = "PinTracer", "PinTracer\PinTracer.vcxproj", "{8EEB3F5A-0919-4BC9-AE2E-00224342377E}"
EndProject
Project("{8BC9CEB8-8B4A-11D0-8D11-00A0C91BC942}") = "PinTracerWrapper", "PinTracerWrapper\PinTracerWrapper.vcxproj", "{D644FC7B-F921-420B-8181-EFCCA4BB0032}"
EndProject
Project("{FAE04EC0-301F-11D3-BF4B-00C04F79EFBC}") = "MapFileConverter", "Tools\MapFileConverter\MapFileConverter.csproj", "{4B4FF7C1-7D84-4FB4-8AA0-6EE9E2AF7E72}"
EndProject
Project("{FAE04EC0-301F-11D3-BF4B-00C04F79EFBC}") = "Microwalk.FrameworkBase", "Microwalk.FrameworkBase\Microwalk.FrameworkBase.csproj", "{3105BA1A-0D72-4A51-BA9B-04F17B758BC1}"
EndProject
Project("{FAE04EC0-301F-11D3-BF4B-00C04F79EFBC}") = "Microwalk.Plugins.PinTracer", "Microwalk.Plugins.PinTracer\Microwalk.Plugins.PinTracer.csproj", "{B6C12179-8A77-49F0-96F9-26CD2DA3FDD8}"
EndProject
Global
	GlobalSection(SolutionConfigurationPlatforms) = preSolution
		Debug|Any CPU = Debug|Any CPU
		Debug|x64 = Debug|x64
		Debug|x86 = Debug|x86
		Release|Any CPU = Release|Any CPU
		Release|x64 = Release|x64
		Release|x86 = Release|x86
	EndGlobalSection
	GlobalSection(ProjectConfigurationPlatforms) = postSolution
		{696C1699-FD59-4903-8BF7-80B366C44154}.Debug|Any CPU.ActiveCfg = Debug|Any CPU
		{696C1699-FD59-4903-8BF7-80B366C44154}.Debug|Any CPU.Build.0 = Debug|Any CPU
		{696C1699-FD59-4903-8BF7-80B366C44154}.Debug|x64.ActiveCfg = Debug|Any CPU
		{696C1699-FD59-4903-8BF7-80B366C44154}.Debug|x64.Build.0 = Debug|Any CPU
		{696C1699-FD59-4903-8BF7-80B366C44154}.Debug|x86.ActiveCfg = Debug|Any CPU
		{696C1699-FD59-4903-8BF7-80B366C44154}.Debug|x86.Build.0 = Debug|Any CPU
		{696C1699-FD59-4903-8BF7-80B366C44154}.Release|Any CPU.ActiveCfg = Release|Any CPU
		{696C1699-FD59-4903-8BF7-80B366C44154}.Release|Any CPU.Build.0 = Release|Any CPU
		{696C1699-FD59-4903-8BF7-80B366C44154}.Release|x64.ActiveCfg = Release|Any CPU
		{696C1699-FD59-4903-8BF7-80B366C44154}.Release|x64.Build.0 = Release|Any CPU
		{696C1699-FD59-4903-8BF7-80B366C44154}.Release|x86.ActiveCfg = Release|Any CPU
		{696C1699-FD59-4903-8BF7-80B366C44154}.Release|x86.Build.0 = Release|Any CPU
		{8EEB3F5A-0919-4BC9-AE2E-00224342377E}.Debug|Any CPU.ActiveCfg = Debug|x64
		{8EEB3F5A-0919-4BC9-AE2E-00224342377E}.Debug|Any CPU.Build.0 = Debug|x64
		{8EEB3F5A-0919-4BC9-AE2E-00224342377E}.Debug|x64.ActiveCfg = Debug|x64
		{8EEB3F5A-0919-4BC9-AE2E-00224342377E}.Debug|x64.Build.0 = Debug|x64
		{8EEB3F5A-0919-4BC9-AE2E-00224342377E}.Debug|x86.ActiveCfg = Debug|Win32
		{8EEB3F5A-0919-4BC9-AE2E-00224342377E}.Debug|x86.Build.0 = Debug|Win32
		{8EEB3F5A-0919-4BC9-AE2E-00224342377E}.Release|Any CPU.ActiveCfg = Release|x64
		{8EEB3F5A-0919-4BC9-AE2E-00224342377E}.Release|Any CPU.Build.0 = Release|x64
		{8EEB3F5A-0919-4BC9-AE2E-00224342377E}.Release|x64.ActiveCfg = Release|x64
		{8EEB3F5A-0919-4BC9-AE2E-00224342377E}.Release|x64.Build.0 = Release|x64
		{8EEB3F5A-0919-4BC9-AE2E-00224342377E}.Release|x86.ActiveCfg = Release|Win32
		{8EEB3F5A-0919-4BC9-AE2E-00224342377E}.Release|x86.Build.0 = Release|Win32
		{D644FC7B-F921-420B-8181-EFCCA4BB0032}.Debug|Any CPU.ActiveCfg = Debug|x64
		{D644FC7B-F921-420B-8181-EFCCA4BB0032}.Debug|Any CPU.Build.0 = Debug|x64
		{D644FC7B-F921-420B-8181-EFCCA4BB0032}.Debug|x64.ActiveCfg = Debug|x64
		{D644FC7B-F921-420B-8181-EFCCA4BB0032}.Debug|x64.Build.0 = Debug|x64
		{D644FC7B-F921-420B-8181-EFCCA4BB0032}.Debug|x86.ActiveCfg = Debug|Win32
		{D644FC7B-F921-420B-8181-EFCCA4BB0032}.Debug|x86.Build.0 = Debug|Win32
		{D644FC7B-F921-420B-8181-EFCCA4BB0032}.Release|Any CPU.ActiveCfg = Release|x64
		{D644FC7B-F921-420B-8181-EFCCA4BB0032}.Release|Any CPU.Build.0 = Release|x64
		{D644FC7B-F921-420B-8181-EFCCA4BB0032}.Release|x64.ActiveCfg = Release|x64
		{D644FC7B-F921-420B-8181-EFCCA4BB0032}.Release|x64.Build.0 = Release|x64
		{D644FC7B-F921-420B-8181-EFCCA4BB0032}.Release|x86.ActiveCfg = Release|Win32
		{D644FC7B-F921-420B-8181-EFCCA4BB0032}.Release|x86.Build.0 = Release|Win32
		{4B4FF7C1-7D84-4FB4-8AA0-6EE9E2AF7E72}.Debug|Any CPU.ActiveCfg = Debug|Any CPU
		{4B4FF7C1-7D84-4FB4-8AA0-6EE9E2AF7E72}.Debug|Any CPU.Build.0 = Debug|Any CPU
		{4B4FF7C1-7D84-4FB4-8AA0-6EE9E2AF7E72}.Debug|x64.ActiveCfg = Debug|Any CPU
		{4B4FF7C1-7D84-4FB4-8AA0-6EE9E2AF7E72}.Debug|x64.Build.0 = Debug|Any CPU
		{4B4FF7C1-7D84-4FB4-8AA0-6EE9E2AF7E72}.Debug|x86.ActiveCfg = Debug|Any CPU
		{4B4FF7C1-7D84-4FB4-8AA0-6EE9E2AF7E72}.Debug|x86.Build.0 = Debug|Any CPU
		{4B4FF7C1-7D84-4FB4-8AA0-6EE9E2AF7E72}.Release|Any CPU.ActiveCfg = Release|Any CPU
		{4B4FF7C1-7D84-4FB4-8AA0-6EE9E2AF7E72}.Release|Any CPU.Build.0 = Release|Any CPU
		{4B4FF7C1-7D84-4FB4-8AA0-6EE9E2AF7E72}.Release|x64.ActiveCfg = Release|Any CPU
		{4B4FF7C1-7D84-4FB4-8AA0-6EE9E2AF7E72}.Release|x64.Build.0 = Release|Any CPU
		{4B4FF7C1-7D84-4FB4-8AA0-6EE9E2AF7E72}.Release|x86.ActiveCfg = Release|Any CPU
		{4B4FF7C1-7D84-4FB4-8AA0-6EE9E2AF7E72}.Release|x86.Build.0 = Release|Any CPU
		{3105BA1A-0D72-4A51-BA9B-04F17B758BC1}.Debug|Any CPU.ActiveCfg = Debug|Any CPU
		{3105BA1A-0D72-4A51-BA9B-04F17B758BC1}.Debug|Any CPU.Build.0 = Debug|Any CPU
		{3105BA1A-0D72-4A51-BA9B-04F17B758BC1}.Debug|x64.ActiveCfg = Debug|Any CPU
		{3105BA1A-0D72-4A51-BA9B-04F17B758BC1}.Debug|x64.Build.0 = Debug|Any CPU
		{3105BA1A-0D72-4A51-BA9B-04F17B758BC1}.Debug|x86.ActiveCfg = Debug|Any CPU
		{3105BA1A-0D72-4A51-BA9B-04F17B758BC1}.Debug|x86.Build.0 = Debug|Any CPU
		{3105BA1A-0D72-4A51-BA9B-04F17B758BC1}.Release|Any CPU.ActiveCfg = Release|Any CPU
		{3105BA1A-0D72-4A51-BA9B-04F17B758BC1}.Release|Any CPU.Build.0 = Release|Any CPU
		{3105BA1A-0D72-4A51-BA9B-04F17B758BC1}.Release|x64.ActiveCfg = Release|Any CPU
		{3105BA1A-0D72-4A51-BA9B-04F17B758BC1}.Release|x64.Build.0 = Release|Any CPU
		{3105BA1A-0D72-4A51-BA9B-04F17B758BC1}.Release|x86.ActiveCfg = Release|Any CPU
		{3105BA1A-0D72-4A51-BA9B-04F17B758BC1}.Release|x86.Build.0 = Release|Any CPU
		{B6C12179-8A77-49F0-96F9-26CD2DA3FDD8}.Debug|Any CPU.ActiveCfg = Debug|Any CPU
		{B6C12179-8A77-49F0-96F9-26CD2DA3FDD8}.Debug|Any CPU.Build.0 = Debug|Any CPU
		{B6C12179-8A77-49F0-96F9-26CD2DA3FDD8}.Debug|x64.ActiveCfg = Debug|Any CPU
		{B6C12179-8A77-49F0-96F9-26CD2DA3FDD8}.Debug|x64.Build.0 = Debug|Any CPU
		{B6C12179-8A77-49F0-96F9-26CD2DA3FDD8}.Debug|x86.ActiveCfg = Debug|Any CPU
		{B6C12179-8A77-49F0-96F9-26CD2DA3FDD8}.Debug|x86.Build.0 = Debug|Any CPU
		{B6C12179-8A77-49F0-96F9-26CD2DA3FDD8}.Release|Any CPU.ActiveCfg = Release|Any CPU
		{B6C12179-8A77-49F0-96F9-26CD2DA3FDD8}.Release|Any CPU.Build.0 = Release|Any CPU
		{B6C12179-8A77-49F0-96F9-26CD2DA3FDD8}.Release|x64.ActiveCfg = Release|Any CPU
		{B6C12179-8A77-49F0-96F9-26CD2DA3FDD8}.Release|x64.Build.0 = Release|Any CPU
		{B6C12179-8A77-49F0-96F9-26CD2DA3FDD8}.Release|x86.ActiveCfg = Release|Any CPU
		{B6C12179-8A77-49F0-96F9-26CD2DA3FDD8}.Release|x86.Build.0 = Release|Any CPU
	EndGlobalSection
	GlobalSection(SolutionProperties) = preSolution
		HideSolutionNode = FALSE
	EndGlobalSection
	GlobalSection(ExtensibilityGlobals) = postSolution
		SolutionGuid = {BF449CA0-50D2-4094-855C-4CAC2DC0A9FD}
	EndGlobalSection
EndGlobal
