
Microsoft Visual Studio Solution File, Format Version 12.00
# Visual Studio 15
VisualStudioVersion = 15.0.27130.2010
MinimumVisualStudioVersion = 10.0.40219.1
Project("{FAE04EC0-301F-11D3-BF4B-00C04F79EFBC}") = "LeakageDetector", "LeakageDetector\LeakageDetector.csproj", "{0ABD292A-E997-46E8-8989-31200FF6BC3C}"
EndProject
Project("{8BC9CEB8-8B4A-11D0-8D11-00A0C91BC942}") = "FuzzingWrapper", "FuzzingWrapper\FuzzingWrapper.vcxproj", "{654001A4-899A-460E-AB99-A7200FD2DA45}"
EndProject
Project("{8BC9CEB8-8B4A-11D0-8D11-00A0C91BC942}") = "SampleLibrary", "SampleLibrary\SampleLibrary.vcxproj", "{D3631CA7-58DD-4D2F-B489-6CBFA53FE443}"
EndProject
Project("{8BC9CEB8-8B4A-11D0-8D11-00A0C91BC942}") = "Trace", "Trace\Trace.vcxproj", "{535931B8-D14F-4D3A-96F6-D0B3FEB0C001}"
EndProject
Project("{FAE04EC0-301F-11D3-BF4B-00C04F79EFBC}") = "Visualizer", "Visualizer\Visualizer.csproj", "{375A2617-6C21-4D34-84AD-7DDFD8C29D74}"
EndProject
Project("{FAE04EC0-301F-11D3-BF4B-00C04F79EFBC}") = "WpfPlus", "WpfPlus\WpfPlus\WpfPlus.csproj", "{CCFE878E-86D2-4C8B-8B76-E84600273549}"
EndProject
Project("{8BC9CEB8-8B4A-11D0-8D11-00A0C91BC942}") = "Diff", "Diff\Diff.vcxproj", "{F5752A90-565E-4320-AB0C-16E0268B3B81}"
EndProject
Global
	GlobalSection(SolutionConfigurationPlatforms) = preSolution
		Debug|x64 = Debug|x64
		Debug|x86 = Debug|x86
		Release|x64 = Release|x64
		Release|x86 = Release|x86
	EndGlobalSection
	GlobalSection(ProjectConfigurationPlatforms) = postSolution
		{0ABD292A-E997-46E8-8989-31200FF6BC3C}.Debug|x64.ActiveCfg = Debug|x64
		{0ABD292A-E997-46E8-8989-31200FF6BC3C}.Debug|x64.Build.0 = Debug|x64
		{0ABD292A-E997-46E8-8989-31200FF6BC3C}.Debug|x86.ActiveCfg = Debug|x86
		{0ABD292A-E997-46E8-8989-31200FF6BC3C}.Debug|x86.Build.0 = Debug|x86
		{0ABD292A-E997-46E8-8989-31200FF6BC3C}.Release|x64.ActiveCfg = Release|x64
		{0ABD292A-E997-46E8-8989-31200FF6BC3C}.Release|x64.Build.0 = Release|x64
		{0ABD292A-E997-46E8-8989-31200FF6BC3C}.Release|x86.ActiveCfg = Release|x86
		{0ABD292A-E997-46E8-8989-31200FF6BC3C}.Release|x86.Build.0 = Release|x86
		{654001A4-899A-460E-AB99-A7200FD2DA45}.Debug|x64.ActiveCfg = Release|x64
		{654001A4-899A-460E-AB99-A7200FD2DA45}.Debug|x64.Build.0 = Release|x64
		{654001A4-899A-460E-AB99-A7200FD2DA45}.Debug|x86.ActiveCfg = Release|Win32
		{654001A4-899A-460E-AB99-A7200FD2DA45}.Debug|x86.Build.0 = Release|Win32
		{654001A4-899A-460E-AB99-A7200FD2DA45}.Release|x64.ActiveCfg = Release|x64
		{654001A4-899A-460E-AB99-A7200FD2DA45}.Release|x64.Build.0 = Release|x64
		{654001A4-899A-460E-AB99-A7200FD2DA45}.Release|x86.ActiveCfg = Release|Win32
		{654001A4-899A-460E-AB99-A7200FD2DA45}.Release|x86.Build.0 = Release|Win32
		{D3631CA7-58DD-4D2F-B489-6CBFA53FE443}.Debug|x64.ActiveCfg = Release|x64
		{D3631CA7-58DD-4D2F-B489-6CBFA53FE443}.Debug|x64.Build.0 = Release|x64
		{D3631CA7-58DD-4D2F-B489-6CBFA53FE443}.Debug|x86.ActiveCfg = Release|Win32
		{D3631CA7-58DD-4D2F-B489-6CBFA53FE443}.Debug|x86.Build.0 = Release|Win32
		{D3631CA7-58DD-4D2F-B489-6CBFA53FE443}.Release|x64.ActiveCfg = Release|x64
		{D3631CA7-58DD-4D2F-B489-6CBFA53FE443}.Release|x64.Build.0 = Release|x64
		{D3631CA7-58DD-4D2F-B489-6CBFA53FE443}.Release|x86.ActiveCfg = Release|Win32
		{D3631CA7-58DD-4D2F-B489-6CBFA53FE443}.Release|x86.Build.0 = Release|Win32
		{535931B8-D14F-4D3A-96F6-D0B3FEB0C001}.Debug|x64.ActiveCfg = Debug|x64
		{535931B8-D14F-4D3A-96F6-D0B3FEB0C001}.Debug|x64.Build.0 = Debug|x64
		{535931B8-D14F-4D3A-96F6-D0B3FEB0C001}.Debug|x86.ActiveCfg = Debug|Win32
		{535931B8-D14F-4D3A-96F6-D0B3FEB0C001}.Debug|x86.Build.0 = Debug|Win32
		{535931B8-D14F-4D3A-96F6-D0B3FEB0C001}.Release|x64.ActiveCfg = Release|x64
		{535931B8-D14F-4D3A-96F6-D0B3FEB0C001}.Release|x64.Build.0 = Release|x64
		{535931B8-D14F-4D3A-96F6-D0B3FEB0C001}.Release|x86.ActiveCfg = Release|Win32
		{535931B8-D14F-4D3A-96F6-D0B3FEB0C001}.Release|x86.Build.0 = Release|Win32
		{375A2617-6C21-4D34-84AD-7DDFD8C29D74}.Debug|x64.ActiveCfg = Debug|x64
		{375A2617-6C21-4D34-84AD-7DDFD8C29D74}.Debug|x64.Build.0 = Debug|x64
		{375A2617-6C21-4D34-84AD-7DDFD8C29D74}.Debug|x86.ActiveCfg = Debug|x64
		{375A2617-6C21-4D34-84AD-7DDFD8C29D74}.Debug|x86.Build.0 = Debug|x64
		{375A2617-6C21-4D34-84AD-7DDFD8C29D74}.Release|x64.ActiveCfg = Release|x64
		{375A2617-6C21-4D34-84AD-7DDFD8C29D74}.Release|x64.Build.0 = Release|x64
		{375A2617-6C21-4D34-84AD-7DDFD8C29D74}.Release|x86.ActiveCfg = Release|x64
		{375A2617-6C21-4D34-84AD-7DDFD8C29D74}.Release|x86.Build.0 = Release|x64
		{CCFE878E-86D2-4C8B-8B76-E84600273549}.Debug|x64.ActiveCfg = Debug|Any CPU
		{CCFE878E-86D2-4C8B-8B76-E84600273549}.Debug|x64.Build.0 = Debug|Any CPU
		{CCFE878E-86D2-4C8B-8B76-E84600273549}.Debug|x86.ActiveCfg = Debug|Any CPU
		{CCFE878E-86D2-4C8B-8B76-E84600273549}.Debug|x86.Build.0 = Debug|Any CPU
		{CCFE878E-86D2-4C8B-8B76-E84600273549}.Release|x64.ActiveCfg = Release|Any CPU
		{CCFE878E-86D2-4C8B-8B76-E84600273549}.Release|x64.Build.0 = Release|Any CPU
		{CCFE878E-86D2-4C8B-8B76-E84600273549}.Release|x86.ActiveCfg = Release|Any CPU
		{CCFE878E-86D2-4C8B-8B76-E84600273549}.Release|x86.Build.0 = Release|Any CPU
		{F5752A90-565E-4320-AB0C-16E0268B3B81}.Debug|x64.ActiveCfg = Debug|x64
		{F5752A90-565E-4320-AB0C-16E0268B3B81}.Debug|x64.Build.0 = Debug|x64
		{F5752A90-565E-4320-AB0C-16E0268B3B81}.Debug|x86.ActiveCfg = Debug|x64
		{F5752A90-565E-4320-AB0C-16E0268B3B81}.Debug|x86.Build.0 = Debug|x64
		{F5752A90-565E-4320-AB0C-16E0268B3B81}.Release|x64.ActiveCfg = Release|x64
		{F5752A90-565E-4320-AB0C-16E0268B3B81}.Release|x64.Build.0 = Release|x64
		{F5752A90-565E-4320-AB0C-16E0268B3B81}.Release|x86.ActiveCfg = Release|x64
		{F5752A90-565E-4320-AB0C-16E0268B3B81}.Release|x86.Build.0 = Release|x64
	EndGlobalSection
	GlobalSection(SolutionProperties) = preSolution
		HideSolutionNode = FALSE
	EndGlobalSection
	GlobalSection(ExtensibilityGlobals) = postSolution
		SolutionGuid = {A6BBB8FD-583A-448C-8A9A-D037AF99B833}
	EndGlobalSection
EndGlobal
